
Microsoft Visual Studio Solution File, Format Version 12.00
# Visual Studio Version 17
VisualStudioVersion = 17.13.35931.197 d17.13
MinimumVisualStudioVersion = 10.0.40219.1
Project("{FAE04EC0-301F-11D3-BF4B-00C04F79EFBC}") = "paramsEx", "paramsEx.csproj", "{68558C1F-4043-45FB-A091-B846675CC344}"
EndProject
Global
	GlobalSection(SolutionConfigurationPlatforms) = preSolution
		Debug|Any CPU = Debug|Any CPU
		Release|Any CPU = Release|Any CPU
	EndGlobalSection
	GlobalSection(ProjectConfigurationPlatforms) = postSolution
		{68558C1F-4043-45FB-A091-B846675CC344}.Debug|Any CPU.ActiveCfg = Debug|Any CPU
		{68558C1F-4043-45FB-A091-B846675CC344}.Debug|Any CPU.Build.0 = Debug|Any CPU
		{68558C1F-4043-45FB-A091-B846675CC344}.Release|Any CPU.ActiveCfg = Release|Any CPU
		{68558C1F-4043-45FB-A091-B846675CC344}.Release|Any CPU.Build.0 = Release|Any CPU
	EndGlobalSection
	GlobalSection(SolutionProperties) = preSolution
		HideSolutionNode = FALSE
	EndGlobalSection
	GlobalSection(ExtensibilityGlobals) = postSolution
		SolutionGuid = {1462FF1C-0988-4604-BDBE-B5D41F90A536}
	EndGlobalSection
EndGlobal
