
Microsoft Visual Studio Solution File, Format Version 12.00
# Visual Studio Version 17
VisualStudioVersion = 17.14.36203.30 d17.14
MinimumVisualStudioVersion = 10.0.40219.1
Project("{FAE04EC0-301F-11D3-BF4B-00C04F79EFBC}") = "NamespaceEx", "NamespaceEx.csproj", "{F3A1D312-732E-444C-9BFA-8D1C65AC0F3E}"
EndProject
Project("{FAE04EC0-301F-11D3-BF4B-00C04F79EFBC}") = "ClassLibrary1", "..\ClassLibrary1\ClassLibrary1.csproj", "{F48591F3-6565-4247-BDBB-55574904C252}"
EndProject
Global
	GlobalSection(SolutionConfigurationPlatforms) = preSolution
		Debug|Any CPU = Debug|Any CPU
		Release|Any CPU = Release|Any CPU
	EndGlobalSection
	GlobalSection(ProjectConfigurationPlatforms) = postSolution
		{F3A1D312-732E-444C-9BFA-8D1C65AC0F3E}.Debug|Any CPU.ActiveCfg = Debug|Any CPU
		{F3A1D312-732E-444C-9BFA-8D1C65AC0F3E}.Debug|Any CPU.Build.0 = Debug|Any CPU
		{F3A1D312-732E-444C-9BFA-8D1C65AC0F3E}.Release|Any CPU.ActiveCfg = Release|Any CPU
		{F3A1D312-732E-444C-9BFA-8D1C65AC0F3E}.Release|Any CPU.Build.0 = Release|Any CPU
		{F48591F3-6565-4247-BDBB-55574904C252}.Debug|Any CPU.ActiveCfg = Debug|Any CPU
		{F48591F3-6565-4247-BDBB-55574904C252}.Debug|Any CPU.Build.0 = Debug|Any CPU
		{F48591F3-6565-4247-BDBB-55574904C252}.Release|Any CPU.ActiveCfg = Release|Any CPU
		{F48591F3-6565-4247-BDBB-55574904C252}.Release|Any CPU.Build.0 = Release|Any CPU
	EndGlobalSection
	GlobalSection(SolutionProperties) = preSolution
		HideSolutionNode = FALSE
	EndGlobalSection
	GlobalSection(ExtensibilityGlobals) = postSolution
		SolutionGuid = {C4B4DBD9-1473-4B89-ACC2-1BF24F20B1C6}
	EndGlobalSection
EndGlobal
