
Microsoft Visual Studio Solution File, Format Version 12.00
# Visual Studio Version 17
VisualStudioVersion = 17.13.36105.23 d17.13
MinimumVisualStudioVersion = 10.0.40219.1
Project("{FAE04EC0-301F-11D3-BF4B-00C04F79EFBC}") = "AbstractClassEx", "AbstractClassEx.csproj", "{07784194-B3AA-4796-B9C3-F2A2E7C75273}"
EndProject
Project("{FAE04EC0-301F-11D3-BF4B-00C04F79EFBC}") = "ClassLibrary1", "..\ClassLibrary1\ClassLibrary1.csproj", "{2C0CB193-4621-464F-9866-290FD2C1FA7C}"
EndProject
Global
	GlobalSection(SolutionConfigurationPlatforms) = preSolution
		Debug|Any CPU = Debug|Any CPU
		Release|Any CPU = Release|Any CPU
	EndGlobalSection
	GlobalSection(ProjectConfigurationPlatforms) = postSolution
		{07784194-B3AA-4796-B9C3-F2A2E7C75273}.Debug|Any CPU.ActiveCfg = Debug|Any CPU
		{07784194-B3AA-4796-B9C3-F2A2E7C75273}.Debug|Any CPU.Build.0 = Debug|Any CPU
		{07784194-B3AA-4796-B9C3-F2A2E7C75273}.Release|Any CPU.ActiveCfg = Release|Any CPU
		{07784194-B3AA-4796-B9C3-F2A2E7C75273}.Release|Any CPU.Build.0 = Release|Any CPU
		{2C0CB193-4621-464F-9866-290FD2C1FA7C}.Debug|Any CPU.ActiveCfg = Debug|Any CPU
		{2C0CB193-4621-464F-9866-290FD2C1FA7C}.Debug|Any CPU.Build.0 = Debug|Any CPU
		{2C0CB193-4621-464F-9866-290FD2C1FA7C}.Release|Any CPU.ActiveCfg = Release|Any CPU
		{2C0CB193-4621-464F-9866-290FD2C1FA7C}.Release|Any CPU.Build.0 = Release|Any CPU
	EndGlobalSection
	GlobalSection(SolutionProperties) = preSolution
		HideSolutionNode = FALSE
	EndGlobalSection
	GlobalSection(ExtensibilityGlobals) = postSolution
		SolutionGuid = {D0019DAB-10C0-4313-BE6C-18EE59C22532}
	EndGlobalSection
EndGlobal
