
Microsoft Visual Studio Solution File, Format Version 12.00
# Visual Studio Version 17
VisualStudioVersion = 17.14.36203.30 d17.14
MinimumVisualStudioVersion = 10.0.40219.1
Project("{FAE04EC0-301F-11D3-BF4B-00C04F79EFBC}") = "question1", "question1.csproj", "{AA4781EB-B869-475A-B552-F6C608EBBF85}"
EndProject
Project("{FAE04EC0-301F-11D3-BF4B-00C04F79EFBC}") = "ClassLibrary4", "..\ClassLibrary4\ClassLibrary4.csproj", "{90BE8CB8-1CD7-4C52-AF85-92B746EDAFF6}"
EndProject
Global
	GlobalSection(SolutionConfigurationPlatforms) = preSolution
		Debug|Any CPU = Debug|Any CPU
		Release|Any CPU = Release|Any CPU
	EndGlobalSection
	GlobalSection(ProjectConfigurationPlatforms) = postSolution
		{AA4781EB-B869-475A-B552-F6C608EBBF85}.Debug|Any CPU.ActiveCfg = Debug|Any CPU
		{AA4781EB-B869-475A-B552-F6C608EBBF85}.Debug|Any CPU.Build.0 = Debug|Any CPU
		{AA4781EB-B869-475A-B552-F6C608EBBF85}.Release|Any CPU.ActiveCfg = Release|Any CPU
		{AA4781EB-B869-475A-B552-F6C608EBBF85}.Release|Any CPU.Build.0 = Release|Any CPU
		{90BE8CB8-1CD7-4C52-AF85-92B746EDAFF6}.Debug|Any CPU.ActiveCfg = Debug|Any CPU
		{90BE8CB8-1CD7-4C52-AF85-92B746EDAFF6}.Debug|Any CPU.Build.0 = Debug|Any CPU
		{90BE8CB8-1CD7-4C52-AF85-92B746EDAFF6}.Release|Any CPU.ActiveCfg = Release|Any CPU
		{90BE8CB8-1CD7-4C52-AF85-92B746EDAFF6}.Release|Any CPU.Build.0 = Release|Any CPU
	EndGlobalSection
	GlobalSection(SolutionProperties) = preSolution
		HideSolutionNode = FALSE
	EndGlobalSection
	GlobalSection(ExtensibilityGlobals) = postSolution
		SolutionGuid = {18EB33D9-4D4E-423E-A222-C7B6A1276F8A}
	EndGlobalSection
EndGlobal
