
Microsoft Visual Studio Solution File, Format Version 12.00
# Visual Studio Version 17
VisualStudioVersion = 17.14.36203.30 d17.14
MinimumVisualStudioVersion = 10.0.40219.1
Project("{FAE04EC0-301F-11D3-BF4B-00C04F79EFBC}") = "PrimitiveTypeStructureEx", "PrimitiveTypeStructureEx.csproj", "{3E89019F-69C3-4C1D-ADDF-D086ABE784CC}"
EndProject
Global
	GlobalSection(SolutionConfigurationPlatforms) = preSolution
		Debug|Any CPU = Debug|Any CPU
		Release|Any CPU = Release|Any CPU
	EndGlobalSection
	GlobalSection(ProjectConfigurationPlatforms) = postSolution
		{3E89019F-69C3-4C1D-ADDF-D086ABE784CC}.Debug|Any CPU.ActiveCfg = Debug|Any CPU
		{3E89019F-69C3-4C1D-ADDF-D086ABE784CC}.Debug|Any CPU.Build.0 = Debug|Any CPU
		{3E89019F-69C3-4C1D-ADDF-D086ABE784CC}.Release|Any CPU.ActiveCfg = Release|Any CPU
		{3E89019F-69C3-4C1D-ADDF-D086ABE784CC}.Release|Any CPU.Build.0 = Release|Any CPU
	EndGlobalSection
	GlobalSection(SolutionProperties) = preSolution
		HideSolutionNode = FALSE
	EndGlobalSection
	GlobalSection(ExtensibilityGlobals) = postSolution
		SolutionGuid = {358579C8-945A-4C88-9775-2A895B91A406}
	EndGlobalSection
EndGlobal
