
Microsoft Visual Studio Solution File, Format Version 12.00
# Visual Studio Version 17
VisualStudioVersion = 17.14.36203.30 d17.14
MinimumVisualStudioVersion = 10.0.40219.1
Project("{FAE04EC0-301F-11D3-BF4B-00C04F79EFBC}") = "InterfaceInheritanceEx", "InterfaceInheritanceEx.csproj", "{C5FD944C-1A56-481D-A614-4D5BF6394960}"
EndProject
Project("{FAE04EC0-301F-11D3-BF4B-00C04F79EFBC}") = "ClassLibrary3", "..\ClassLibrary3\ClassLibrary3.csproj", "{01D673DC-C4DA-4BDD-9735-99330EF346DE}"
EndProject
Global
	GlobalSection(SolutionConfigurationPlatforms) = preSolution
		Debug|Any CPU = Debug|Any CPU
		Release|Any CPU = Release|Any CPU
	EndGlobalSection
	GlobalSection(ProjectConfigurationPlatforms) = postSolution
		{C5FD944C-1A56-481D-A614-4D5BF6394960}.Debug|Any CPU.ActiveCfg = Debug|Any CPU
		{C5FD944C-1A56-481D-A614-4D5BF6394960}.Debug|Any CPU.Build.0 = Debug|Any CPU
		{C5FD944C-1A56-481D-A614-4D5BF6394960}.Release|Any CPU.ActiveCfg = Release|Any CPU
		{C5FD944C-1A56-481D-A614-4D5BF6394960}.Release|Any CPU.Build.0 = Release|Any CPU
		{01D673DC-C4DA-4BDD-9735-99330EF346DE}.Debug|Any CPU.ActiveCfg = Debug|Any CPU
		{01D673DC-C4DA-4BDD-9735-99330EF346DE}.Debug|Any CPU.Build.0 = Debug|Any CPU
		{01D673DC-C4DA-4BDD-9735-99330EF346DE}.Release|Any CPU.ActiveCfg = Release|Any CPU
		{01D673DC-C4DA-4BDD-9735-99330EF346DE}.Release|Any CPU.Build.0 = Release|Any CPU
	EndGlobalSection
	GlobalSection(SolutionProperties) = preSolution
		HideSolutionNode = FALSE
	EndGlobalSection
	GlobalSection(ExtensibilityGlobals) = postSolution
		SolutionGuid = {C861BA7A-46DE-45C9-99DD-E3401DFF5544}
	EndGlobalSection
EndGlobal
