
Microsoft Visual Studio Solution File, Format Version 12.00
# Visual Studio Version 17
VisualStudioVersion = 17.14.36203.30 d17.14
MinimumVisualStudioVersion = 10.0.40219.1
Project("{FAE04EC0-301F-11D3-BF4B-00C04F79EFBC}") = "StaticClassEx", "StaticClassEx.csproj", "{AB194565-20E7-423C-9513-A9988C48540B}"
EndProject
Project("{FAE04EC0-301F-11D3-BF4B-00C04F79EFBC}") = "ClassLibrary2", "..\ClassLibrary2\ClassLibrary2.csproj", "{2008CB41-4A1A-4672-B809-063BEC24BF09}"
EndProject
Global
	GlobalSection(SolutionConfigurationPlatforms) = preSolution
		Debug|Any CPU = Debug|Any CPU
		Release|Any CPU = Release|Any CPU
	EndGlobalSection
	GlobalSection(ProjectConfigurationPlatforms) = postSolution
		{AB194565-20E7-423C-9513-A9988C48540B}.Debug|Any CPU.ActiveCfg = Debug|Any CPU
		{AB194565-20E7-423C-9513-A9988C48540B}.Debug|Any CPU.Build.0 = Debug|Any CPU
		{AB194565-20E7-423C-9513-A9988C48540B}.Release|Any CPU.ActiveCfg = Release|Any CPU
		{AB194565-20E7-423C-9513-A9988C48540B}.Release|Any CPU.Build.0 = Release|Any CPU
		{2008CB41-4A1A-4672-B809-063BEC24BF09}.Debug|Any CPU.ActiveCfg = Debug|Any CPU
		{2008CB41-4A1A-4672-B809-063BEC24BF09}.Debug|Any CPU.Build.0 = Debug|Any CPU
		{2008CB41-4A1A-4672-B809-063BEC24BF09}.Release|Any CPU.ActiveCfg = Release|Any CPU
		{2008CB41-4A1A-4672-B809-063BEC24BF09}.Release|Any CPU.Build.0 = Release|Any CPU
	EndGlobalSection
	GlobalSection(SolutionProperties) = preSolution
		HideSolutionNode = FALSE
	EndGlobalSection
	GlobalSection(ExtensibilityGlobals) = postSolution
		SolutionGuid = {05657FDC-3F82-4446-8E9E-0E40A8E2BCA5}
	EndGlobalSection
EndGlobal
