
Microsoft Visual Studio Solution File, Format Version 12.00
# Visual Studio Version 17
VisualStudioVersion = 17.14.36203.30 d17.14
MinimumVisualStudioVersion = 10.0.40219.1
Project("{FAE04EC0-301F-11D3-BF4B-00C04F79EFBC}") = "NullPropagationOperatorEx", "NullPropagationOperatorEx.csproj", "{86B5EAE8-FA7D-4B11-877D-91883E29B910}"
EndProject
Global
	GlobalSection(SolutionConfigurationPlatforms) = preSolution
		Debug|Any CPU = Debug|Any CPU
		Release|Any CPU = Release|Any CPU
	EndGlobalSection
	GlobalSection(ProjectConfigurationPlatforms) = postSolution
		{86B5EAE8-FA7D-4B11-877D-91883E29B910}.Debug|Any CPU.ActiveCfg = Debug|Any CPU
		{86B5EAE8-FA7D-4B11-877D-91883E29B910}.Debug|Any CPU.Build.0 = Debug|Any CPU
		{86B5EAE8-FA7D-4B11-877D-91883E29B910}.Release|Any CPU.ActiveCfg = Release|Any CPU
		{86B5EAE8-FA7D-4B11-877D-91883E29B910}.Release|Any CPU.Build.0 = Release|Any CPU
	EndGlobalSection
	GlobalSection(SolutionProperties) = preSolution
		HideSolutionNode = FALSE
	EndGlobalSection
	GlobalSection(ExtensibilityGlobals) = postSolution
		SolutionGuid = {1C1A2A7B-A0C3-49C9-9557-92677F23DE3F}
	EndGlobalSection
EndGlobal
