
Microsoft Visual Studio Solution File, Format Version 12.00
# Visual Studio Version 17
VisualStudioVersion = 17.14.36203.30 d17.14
MinimumVisualStudioVersion = 10.0.40219.1
Project("{FAE04EC0-301F-11D3-BF4B-00C04F79EFBC}") = "DestructorEx", "DestructorEx.csproj", "{9052230F-9C32-44E0-9B96-44BE396171D3}"
EndProject
Project("{FAE04EC0-301F-11D3-BF4B-00C04F79EFBC}") = "ClassLibrary1", "..\ClassLibrary1\ClassLibrary1.csproj", "{B788D0C1-127C-455C-BBCB-F9DFB6666684}"
EndProject
Global
	GlobalSection(SolutionConfigurationPlatforms) = preSolution
		Debug|Any CPU = Debug|Any CPU
		Release|Any CPU = Release|Any CPU
	EndGlobalSection
	GlobalSection(ProjectConfigurationPlatforms) = postSolution
		{9052230F-9C32-44E0-9B96-44BE396171D3}.Debug|Any CPU.ActiveCfg = Debug|Any CPU
		{9052230F-9C32-44E0-9B96-44BE396171D3}.Debug|Any CPU.Build.0 = Debug|Any CPU
		{9052230F-9C32-44E0-9B96-44BE396171D3}.Release|Any CPU.ActiveCfg = Release|Any CPU
		{9052230F-9C32-44E0-9B96-44BE396171D3}.Release|Any CPU.Build.0 = Release|Any CPU
		{B788D0C1-127C-455C-BBCB-F9DFB6666684}.Debug|Any CPU.ActiveCfg = Debug|Any CPU
		{B788D0C1-127C-455C-BBCB-F9DFB6666684}.Debug|Any CPU.Build.0 = Debug|Any CPU
		{B788D0C1-127C-455C-BBCB-F9DFB6666684}.Release|Any CPU.ActiveCfg = Release|Any CPU
		{B788D0C1-127C-455C-BBCB-F9DFB6666684}.Release|Any CPU.Build.0 = Release|Any CPU
	EndGlobalSection
	GlobalSection(SolutionProperties) = preSolution
		HideSolutionNode = FALSE
	EndGlobalSection
	GlobalSection(ExtensibilityGlobals) = postSolution
		SolutionGuid = {F6E78F3F-A887-4D17-A4AD-482C55460C09}
	EndGlobalSection
EndGlobal
