
Microsoft Visual Studio Solution File, Format Version 12.00
# Visual Studio Version 17
VisualStudioVersion = 17.13.36105.23 d17.13
MinimumVisualStudioVersion = 10.0.40219.1
Project("{FAE04EC0-301F-11D3-BF4B-00C04F79EFBC}") = "ImplicitCastingEx", "ImplicitCastingEx.csproj", "{CF03BC26-8768-46A9-9D94-B1600D7F1D56}"
EndProject
Global
	GlobalSection(SolutionConfigurationPlatforms) = preSolution
		Debug|Any CPU = Debug|Any CPU
		Release|Any CPU = Release|Any CPU
	EndGlobalSection
	GlobalSection(ProjectConfigurationPlatforms) = postSolution
		{CF03BC26-8768-46A9-9D94-B1600D7F1D56}.Debug|Any CPU.ActiveCfg = Debug|Any CPU
		{CF03BC26-8768-46A9-9D94-B1600D7F1D56}.Debug|Any CPU.Build.0 = Debug|Any CPU
		{CF03BC26-8768-46A9-9D94-B1600D7F1D56}.Release|Any CPU.ActiveCfg = Release|Any CPU
		{CF03BC26-8768-46A9-9D94-B1600D7F1D56}.Release|Any CPU.Build.0 = Release|Any CPU
	EndGlobalSection
	GlobalSection(SolutionProperties) = preSolution
		HideSolutionNode = FALSE
	EndGlobalSection
	GlobalSection(ExtensibilityGlobals) = postSolution
		SolutionGuid = {70816046-6760-4D16-89FB-F3C40550A316}
	EndGlobalSection
EndGlobal
